{
	"name": "@leapjs/router",
	"version": "0.1.0",
	"lockfileVersion": 1,
	"requires": true,
	"dependencies": {
		"@types/body-parser": {
			"version": "1.19.0",
			"resolved": "https://registry.npmjs.org/@types/body-parser/-/body-parser-1.19.0.tgz",
			"integrity": "sha512-W98JrE0j2K78swW4ukqMleo8R7h/pFETjM2DQ90MF6XK2i4LO4W3gQ71Lt4w3bfm2EvVSyWHplECvB5sK22yFQ==",
			"dev": true,
			"requires": {
				"@types/connect": "*",
				"@types/node": "*"
			}
		},
		"@types/cache-manager": {
			"version": "2.10.2",
			"resolved": "https://registry.npmjs.org/@types/cache-manager/-/cache-manager-2.10.2.tgz",
			"integrity": "sha512-QlcorzgUh56qKfwb25dQ21fiNM52uSn/PWlsr4tDaKS+pLqzwlrB20aGhoK1MVPmpuVUMGa6Cfoyzs8TXtzGaw==",
			"dev": true
		},
		"@types/connect": {
			"version": "3.4.33",
			"resolved": "https://registry.npmjs.org/@types/connect/-/connect-3.4.33.tgz",
			"integrity": "sha512-2+FrkXY4zllzTNfJth7jOqEHC+enpLeGslEhpnTAkg21GkRrWV4SsAtqchtT4YS9/nODBU2/ZfsBY2X4J/dX7A==",
			"dev": true,
			"requires": {
				"@types/node": "*"
			}
		},
		"@types/cookie-parser": {
			"version": "1.4.2",
			"resolved": "https://registry.npmjs.org/@types/cookie-parser/-/cookie-parser-1.4.2.tgz",
			"integrity": "sha512-uwcY8m6SDQqciHsqcKDGbo10GdasYsPCYkH3hVegj9qAah6pX5HivOnOuI3WYmyQMnOATV39zv/Ybs0bC/6iVg==",
			"dev": true,
			"requires": {
				"@types/express": "*"
			}
		},
		"@types/express": {
			"version": "4.17.3",
			"resolved": "https://registry.npmjs.org/@types/express/-/express-4.17.3.tgz",
			"integrity": "sha512-I8cGRJj3pyOLs/HndoP+25vOqhqWkAZsWMEmq1qXy/b/M3ppufecUwaK2/TVDVxcV61/iSdhykUjQQ2DLSrTdg==",
			"dev": true,
			"requires": {
				"@types/body-parser": "*",
				"@types/express-serve-static-core": "*",
				"@types/serve-static": "*"
			}
		},
		"@types/express-serve-static-core": {
			"version": "4.17.2",
			"resolved": "https://registry.npmjs.org/@types/express-serve-static-core/-/express-serve-static-core-4.17.2.tgz",
			"integrity": "sha512-El9yMpctM6tORDAiBwZVLMcxoTMcqqRO9dVyYcn7ycLWbvR8klrDn8CAOwRfZujZtWD7yS/mshTdz43jMOejbg==",
			"dev": true,
			"requires": {
				"@types/node": "*",
				"@types/range-parser": "*"
			}
		},
		"@types/mime": {
			"version": "2.0.1",
			"resolved": "https://registry.npmjs.org/@types/mime/-/mime-2.0.1.tgz",
			"integrity": "sha512-FwI9gX75FgVBJ7ywgnq/P7tw+/o1GUbtP0KzbtusLigAOgIgNISRK0ZPl4qertvXSIE8YbsVJueQ90cDt9YYyw==",
			"dev": true
		},
		"@types/multer": {
			"version": "1.4.2",
			"resolved": "https://registry.npmjs.org/@types/multer/-/multer-1.4.2.tgz",
			"integrity": "sha512-pVcPwuC0FbVcLhopJHx8Ro3WSXjvVvEpJMfy+DFAL/3DwNYAQH+hf/Vq+PqoS5kM4mng7L/4upzXhP/12yWh4w==",
			"dev": true,
			"requires": {
				"@types/express": "*"
			}
		},
		"@types/node": {
			"version": "13.7.7",
			"resolved": "https://registry.npmjs.org/@types/node/-/node-13.7.7.tgz",
			"integrity": "sha512-Uo4chgKbnPNlxQwoFmYIwctkQVkMMmsAoGGU4JKwLuvBefF0pCq4FybNSnfkfRCpC7ZW7kttcC/TrRtAJsvGtg==",
			"dev": true
		},
		"@types/range-parser": {
			"version": "1.2.3",
			"resolved": "https://registry.npmjs.org/@types/range-parser/-/range-parser-1.2.3.tgz",
			"integrity": "sha512-ewFXqrQHlFsgc09MK5jP5iR7vumV/BYayNC6PgJO2LPe8vrnNFyjQjSppfEngITi0qvfKtzFvgKymGheFM9UOA==",
			"dev": true
		},
		"@types/serve-static": {
			"version": "1.13.3",
			"resolved": "https://registry.npmjs.org/@types/serve-static/-/serve-static-1.13.3.tgz",
			"integrity": "sha512-oprSwp094zOglVrXdlo/4bAHtKTAxX6VT8FOZlBKrmyLbNvE1zxZyJ6yikMVtHIvwP45+ZQGJn+FdXGKTozq0g==",
			"dev": true,
			"requires": {
				"@types/express-serve-static-core": "*",
				"@types/mime": "*"
			}
		},
		"append-field": {
			"version": "1.0.0",
			"resolved": "https://registry.npmjs.org/append-field/-/append-field-1.0.0.tgz",
			"integrity": "sha1-HjRA6RXwsSA9I3SOeO3XubW0PlY="
		},
		"async": {
			"version": "1.5.2",
			"resolved": "https://registry.npmjs.org/async/-/async-1.5.2.tgz",
			"integrity": "sha1-7GphrlZIDAw8skHJVhjiCJL5Zyo="
		},
		"buffer-from": {
			"version": "1.1.1",
			"resolved": "https://registry.npmjs.org/buffer-from/-/buffer-from-1.1.1.tgz",
			"integrity": "sha512-MQcXEUbCKtEo7bhqEs6560Hyd4XaovZlO/k9V3hjVUF/zwW7KBVdSK4gIt/bzwS9MbR5qob+F5jusZsb0YQK2A=="
		},
		"busboy": {
			"version": "0.2.14",
			"resolved": "https://registry.npmjs.org/busboy/-/busboy-0.2.14.tgz",
			"integrity": "sha1-bCpiLvz0fFe7vh4qnDetNseSVFM=",
			"requires": {
				"dicer": "0.2.5",
				"readable-stream": "1.1.x"
			}
		},
		"cache-manager": {
			"version": "3.1.0",
			"resolved": "https://registry.npmjs.org/cache-manager/-/cache-manager-3.1.0.tgz",
			"integrity": "sha512-ptrCPy+O0DhCDeN/YGHCJsOabcKtbL5RoMU8INsMhTvZbuzU9uWoWJvO3rt0GFN59lbKdpwW45Eg6Bmz9Vizrw==",
			"requires": {
				"async": "1.5.2",
				"lodash.clonedeep": "4.5.0",
				"lru-cache": "4.0.0"
			}
		},
		"class-transformer": {
			"version": "0.2.3",
			"resolved": "https://registry.npmjs.org/class-transformer/-/class-transformer-0.2.3.tgz",
			"integrity": "sha512-qsP+0xoavpOlJHuYsQJsN58HXSl8Jvveo+T37rEvCEeRfMWoytAyR0Ua/YsFgpM6AZYZ/og2PJwArwzJl1aXtQ=="
		},
		"concat-stream": {
			"version": "1.6.2",
			"resolved": "https://registry.npmjs.org/concat-stream/-/concat-stream-1.6.2.tgz",
			"integrity": "sha512-27HBghJxjiZtIk3Ycvn/4kbJk/1uZuJFfuPEns6LaEvpvG1f0hTea8lilrouyo9mVc2GWdcEZ8OLoGmSADlrCw==",
			"requires": {
				"buffer-from": "^1.0.0",
				"inherits": "^2.0.3",
				"readable-stream": "^2.2.2",
				"typedarray": "^0.0.6"
			},
			"dependencies": {
				"isarray": {
					"version": "1.0.0",
					"resolved": "https://registry.npmjs.org/isarray/-/isarray-1.0.0.tgz",
					"integrity": "sha1-u5NdSFgsuhaMBoNJV6VKPgcSTxE="
				},
				"readable-stream": {
					"version": "2.3.7",
					"resolved": "https://registry.npmjs.org/readable-stream/-/readable-stream-2.3.7.tgz",
					"integrity": "sha512-Ebho8K4jIbHAxnuxi7o42OrZgF/ZTNcsZj6nRKyUmkhLFq8CHItp/fy6hQZuZmP/n3yZ9VBUbp4zz/mX8hmYPw==",
					"requires": {
						"core-util-is": "~1.0.0",
						"inherits": "~2.0.3",
						"isarray": "~1.0.0",
						"process-nextick-args": "~2.0.0",
						"safe-buffer": "~5.1.1",
						"string_decoder": "~1.1.1",
						"util-deprecate": "~1.0.1"
					}
				},
				"string_decoder": {
					"version": "1.1.1",
					"resolved": "https://registry.npmjs.org/string_decoder/-/string_decoder-1.1.1.tgz",
					"integrity": "sha512-n/ShnvDi6FHbbVfviro+WojiFzv+s8MPMHBczVePfUpDJLwoLT0ht1l4YwBCbi8pJAveEEdnkHyPyTP/mzRfwg==",
					"requires": {
						"safe-buffer": "~5.1.0"
					}
				}
			}
		},
		"cookie": {
			"version": "0.3.1",
			"resolved": "https://registry.npmjs.org/cookie/-/cookie-0.3.1.tgz",
			"integrity": "sha1-5+Ch+e9DtMi6klxcWpboBtFoc7s="
		},
		"cookie-parser": {
			"version": "1.4.4",
			"resolved": "https://registry.npmjs.org/cookie-parser/-/cookie-parser-1.4.4.tgz",
			"integrity": "sha512-lo13tqF3JEtFO7FyA49CqbhaFkskRJ0u/UAiINgrIXeRCY41c88/zxtrECl8AKH3B0hj9q10+h3Kt8I7KlW4tw==",
			"requires": {
				"cookie": "0.3.1",
				"cookie-signature": "1.0.6"
			}
		},
		"cookie-signature": {
			"version": "1.0.6",
			"resolved": "https://registry.npmjs.org/cookie-signature/-/cookie-signature-1.0.6.tgz",
			"integrity": "sha1-4wOogrNCzD7oylE6eZmXNNqzriw="
		},
		"core-util-is": {
			"version": "1.0.2",
			"resolved": "https://registry.npmjs.org/core-util-is/-/core-util-is-1.0.2.tgz",
			"integrity": "sha1-tf1UIgqivFq1eqtxQMlAdUUDwac="
		},
		"dicer": {
			"version": "0.2.5",
			"resolved": "https://registry.npmjs.org/dicer/-/dicer-0.2.5.tgz",
			"integrity": "sha1-WZbAhrszIYyBLAkL3cCc0S+stw8=",
			"requires": {
				"readable-stream": "1.1.x",
				"streamsearch": "0.1.2"
			}
		},
		"ee-first": {
			"version": "1.1.1",
			"resolved": "https://registry.npmjs.org/ee-first/-/ee-first-1.1.1.tgz",
			"integrity": "sha1-WQxhFWsK4vTwJVcyoViyZrxWsh0="
		},
		"inherits": {
			"version": "2.0.4",
			"resolved": "https://registry.npmjs.org/inherits/-/inherits-2.0.4.tgz",
			"integrity": "sha512-k/vGaX4/Yla3WzyMCvTQOXYeIHvqOKtnqBduzTHpzpQZzAskKMhZ2K+EnBiSM9zGSoIFeMpXKxa4dYeZIQqewQ=="
		},
		"isarray": {
			"version": "0.0.1",
			"resolved": "https://registry.npmjs.org/isarray/-/isarray-0.0.1.tgz",
			"integrity": "sha1-ihis/Kmo9Bd+Cav8YDiTmwXR7t8="
		},
		"lodash.clonedeep": {
			"version": "4.5.0",
			"resolved": "https://registry.npmjs.org/lodash.clonedeep/-/lodash.clonedeep-4.5.0.tgz",
			"integrity": "sha1-4j8/nE+Pvd6HJSnBBxhXoIblzO8="
		},
		"lru-cache": {
			"version": "4.0.0",
			"resolved": "https://registry.npmjs.org/lru-cache/-/lru-cache-4.0.0.tgz",
			"integrity": "sha1-tcvwFVbBaWb+vlTO7A+03JDfbCg=",
			"requires": {
				"pseudomap": "^1.0.1",
				"yallist": "^2.0.0"
			}
		},
		"media-typer": {
			"version": "0.3.0",
			"resolved": "https://registry.npmjs.org/media-typer/-/media-typer-0.3.0.tgz",
			"integrity": "sha1-hxDXrwqmJvj/+hzgAWhUUmMlV0g="
		},
		"mime-db": {
			"version": "1.43.0",
			"resolved": "https://registry.npmjs.org/mime-db/-/mime-db-1.43.0.tgz",
			"integrity": "sha512-+5dsGEEovYbT8UY9yD7eE4XTc4UwJ1jBYlgaQQF38ENsKR3wj/8q8RFZrF9WIZpB2V1ArTVFUva8sAul1NzRzQ=="
		},
		"mime-types": {
			"version": "2.1.26",
			"resolved": "https://registry.npmjs.org/mime-types/-/mime-types-2.1.26.tgz",
			"integrity": "sha512-01paPWYgLrkqAyrlDorC1uDwl2p3qZT7yl806vW7DvDoxwXi46jsjFbg+WdwotBIk6/MbEhO/dh5aZ5sNj/dWQ==",
			"requires": {
				"mime-db": "1.43.0"
			}
		},
		"minimist": {
			"version": "0.0.8",
			"resolved": "https://registry.npmjs.org/minimist/-/minimist-0.0.8.tgz",
			"integrity": "sha1-hX/Kv8M5fSYluCKCYuhqp6ARsF0="
		},
		"mkdirp": {
			"version": "0.5.1",
			"resolved": "https://registry.npmjs.org/mkdirp/-/mkdirp-0.5.1.tgz",
			"integrity": "sha1-MAV0OOrGz3+MR2fzhkjWaX11yQM=",
			"requires": {
				"minimist": "0.0.8"
			}
		},
		"multer": {
			"version": "1.4.2",
			"resolved": "https://registry.npmjs.org/multer/-/multer-1.4.2.tgz",
			"integrity": "sha512-xY8pX7V+ybyUpbYMxtjM9KAiD9ixtg5/JkeKUTD6xilfDv0vzzOFcCp4Ljb1UU3tSOM3VTZtKo63OmzOrGi3Cg==",
			"requires": {
				"append-field": "^1.0.0",
				"busboy": "^0.2.11",
				"concat-stream": "^1.5.2",
				"mkdirp": "^0.5.1",
				"object-assign": "^4.1.1",
				"on-finished": "^2.3.0",
				"type-is": "^1.6.4",
				"xtend": "^4.0.0"
			}
		},
		"object-assign": {
			"version": "4.1.1",
			"resolved": "https://registry.npmjs.org/object-assign/-/object-assign-4.1.1.tgz",
			"integrity": "sha1-IQmtx5ZYh8/AXLvUQsrIv7s2CGM="
		},
		"on-finished": {
			"version": "2.3.0",
			"resolved": "https://registry.npmjs.org/on-finished/-/on-finished-2.3.0.tgz",
			"integrity": "sha1-IPEzZIGwg811M3mSoWlxqi2QaUc=",
			"requires": {
				"ee-first": "1.1.1"
			}
		},
		"process-nextick-args": {
			"version": "2.0.1",
			"resolved": "https://registry.npmjs.org/process-nextick-args/-/process-nextick-args-2.0.1.tgz",
			"integrity": "sha512-3ouUOpQhtgrbOa17J7+uxOTpITYWaGP7/AhoR3+A+/1e9skrzelGi/dXzEYyvbxubEF6Wn2ypscTKiKJFFn1ag=="
		},
		"pseudomap": {
			"version": "1.0.2",
			"resolved": "https://registry.npmjs.org/pseudomap/-/pseudomap-1.0.2.tgz",
			"integrity": "sha1-8FKijacOYYkX7wqKw0wa5aaChrM="
		},
		"readable-stream": {
			"version": "1.1.14",
			"resolved": "https://registry.npmjs.org/readable-stream/-/readable-stream-1.1.14.tgz",
			"integrity": "sha1-fPTFTvZI44EwhMY23SB54WbAgdk=",
			"requires": {
				"core-util-is": "~1.0.0",
				"inherits": "~2.0.1",
				"isarray": "0.0.1",
				"string_decoder": "~0.10.x"
			}
		},
		"safe-buffer": {
			"version": "5.1.2",
			"resolved": "https://registry.npmjs.org/safe-buffer/-/safe-buffer-5.1.2.tgz",
			"integrity": "sha512-Gd2UZBJDkXlY7GbJxfsE8/nvKkUEU1G38c1siN6QP6a9PT9MmHB8GnpscSmMJSoF8LOIrt8ud/wPtojys4G6+g=="
		},
		"streamsearch": {
			"version": "0.1.2",
			"resolved": "https://registry.npmjs.org/streamsearch/-/streamsearch-0.1.2.tgz",
			"integrity": "sha1-gIudDlb8Jz2Am6VzOOkpkZoanxo="
		},
		"string_decoder": {
			"version": "0.10.31",
			"resolved": "https://registry.npmjs.org/string_decoder/-/string_decoder-0.10.31.tgz",
			"integrity": "sha1-YuIDvEF2bGwoyfyEMB2rHFMQ+pQ="
		},
		"type-is": {
			"version": "1.6.18",
			"resolved": "https://registry.npmjs.org/type-is/-/type-is-1.6.18.tgz",
			"integrity": "sha512-TkRKr9sUTxEH8MdfuCSP7VizJyzRNMjj2J2do2Jr3Kym598JVdEksuzPQCnlFPW4ky9Q+iA+ma9BGm06XQBy8g==",
			"requires": {
				"media-typer": "0.3.0",
				"mime-types": "~2.1.24"
			}
		},
		"typedarray": {
			"version": "0.0.6",
			"resolved": "https://registry.npmjs.org/typedarray/-/typedarray-0.0.6.tgz",
			"integrity": "sha1-hnrHTjhkGHsdPUfZlqeOxciDB3c="
		},
		"util-deprecate": {
			"version": "1.0.2",
			"resolved": "https://registry.npmjs.org/util-deprecate/-/util-deprecate-1.0.2.tgz",
			"integrity": "sha1-RQ1Nyfpw3nMnYvvS1KKJgUGaDM8="
		},
		"xtend": {
			"version": "4.0.2",
			"resolved": "https://registry.npmjs.org/xtend/-/xtend-4.0.2.tgz",
			"integrity": "sha512-LKYU1iAXJXUgAXn9URjiu+MWhyUXHsvfp7mcuYm9dSUKK0/CjtrUwFAxD82/mCWbtLsGjFIad0wIsod4zrTAEQ=="
		},
		"yallist": {
			"version": "2.1.2",
			"resolved": "https://registry.npmjs.org/yallist/-/yallist-2.1.2.tgz",
			"integrity": "sha1-HBH5IY8HYImkfdUS+TxmmaaoHVI="
		}
	}
}
